
Microsoft Visual Studio Solution File, Format Version 12.00
# Visual Studio Version 17
VisualStudioVersion = 17.3.32825.248
MinimumVisualStudioVersion = 10.0.40219.1
Project("{FAE04EC0-301F-11D3-BF4B-00C04F79EFBC}") = "Ejercicio1", "Ejercicio1\Ejercicio1.csproj", "{9E6EB536-58F4-41CB-BE7F-1A761A3356BB}"
EndProject
Global
	GlobalSection(SolutionConfigurationPlatforms) = preSolution
		Debug|Any CPU = Debug|Any CPU
		Release|Any CPU = Release|Any CPU
	EndGlobalSection
	GlobalSection(ProjectConfigurationPlatforms) = postSolution
		{9E6EB536-58F4-41CB-BE7F-1A761A3356BB}.Debug|Any CPU.ActiveCfg = Debug|Any CPU
		{9E6EB536-58F4-41CB-BE7F-1A761A3356BB}.Debug|Any CPU.Build.0 = Debug|Any CPU
		{9E6EB536-58F4-41CB-BE7F-1A761A3356BB}.Release|Any CPU.ActiveCfg = Release|Any CPU
		{9E6EB536-58F4-41CB-BE7F-1A761A3356BB}.Release|Any CPU.Build.0 = Release|Any CPU
	EndGlobalSection
	GlobalSection(SolutionProperties) = preSolution
		HideSolutionNode = FALSE
	EndGlobalSection
	GlobalSection(ExtensibilityGlobals) = postSolution
		SolutionGuid = {73E79733-79EE-49E3-BA2A-51F59C04F0C7}
	EndGlobalSection
EndGlobal
